{
  "name": "elm-test",
  "version": "1.0.0",
  "lockfileVersion": 3,
  "requires": true,
  "packages": {
    "": {
      "name": "elm-test",
      "version": "1.0.0",
      "hasInstallScript": true,
      "license": "ISC",
      "dependencies": {
        "elm-tooling": "^1.12.0"
      }
    },
    "node_modules/elm-tooling": {
      "version": "1.12.0",
      "resolved": "https://registry.npmjs.org/elm-tooling/-/elm-tooling-1.12.0.tgz",
      "integrity": "sha512-ySc57WhLltqqpBmkYp9EGuDfd8+PhVgin3fYdAU5MvoOLLRf5O+6oHl26XK37T3FEH6yLi5zEHauYgNTGeHbwg==",
      "bin": {
        "elm-tooling": "index.js"
      }
    }
  }
}
